{
  "requires": true,
  "lockfileVersion": 1,
  "dependencies": {
    "comment-mark": {
      "version": "github:privatenumber/comment-mark#899bcff4a39135f0d4d001d6a3c04f34a966504b",
      "from": "github:privatenumber/comment-mark#built",
      "dev": true
    },
    "lodash": {
      "version": "4.17.20",
      "resolved": "https://registry.npmjs.org/lodash/-/lodash-4.17.20.tgz",
      "integrity": "sha512-PlhdFcillOINfeV7Ni6oF1TAEayyZBoZ8bcshTHqOYJYlrqzRK5hagpagky5o4HfCzzd1TRkXPMFq6cKk9rGmA==",
      "dev": true
    }
  }
}
