{
  "requires": true,
  "lockfileVersion": 1,
  "dependencies": {
    "comment-mark": {
      "version": "github:privatenumber/comment-mark#3e37ce3dae6dae75d9cdc3b8eeea4cdc7606de44",
      "from": "github:privatenumber/comment-mark#built",
      "dev": true
    },
    "is-plain-obj": {
      "version": "2.1.0",
      "resolved": "https://registry.npmjs.org/is-plain-obj/-/is-plain-obj-2.1.0.tgz",
      "integrity": "sha512-YWnfyRwxL/+SsrWYfOpUtz5b3YD+nyfkHvjbcanzk8zgyO4ASD67uVMRt8k5bM4lLMDnXfriRhOpemw+NfT1eA==",
      "dev": true
    },
    "lodash": {
      "version": "4.17.20",
      "resolved": "https://registry.npmjs.org/lodash/-/lodash-4.17.20.tgz",
      "integrity": "sha512-PlhdFcillOINfeV7Ni6oF1TAEayyZBoZ8bcshTHqOYJYlrqzRK5hagpagky5o4HfCzzd1TRkXPMFq6cKk9rGmA==",
      "dev": true
    },
    "markdown-table": {
      "version": "2.0.0",
      "resolved": "https://artifactory.intern.weebly.net/artifactory/api/npm/weebly-npm/markdown-table/-/markdown-table-2.0.0.tgz",
      "integrity": "sha1-GUqQztJtMf51PYuUNEMCFMARhls=",
      "dev": true,
      "requires": {
        "repeat-string": "^1.0.0"
      }
    },
    "repeat-string": {
      "version": "1.6.1",
      "resolved": "https://artifactory.intern.weebly.net/artifactory/api/npm/weebly-npm/repeat-string/-/repeat-string-1.6.1.tgz",
      "integrity": "sha1-jcrkcOHIirwtYA//Sndihtp15jc=",
      "dev": true
    },
    "sort-keys": {
      "version": "4.0.0",
      "resolved": "https://registry.npmjs.org/sort-keys/-/sort-keys-4.0.0.tgz",
      "integrity": "sha512-hlJLzrn/VN49uyNkZ8+9b+0q9DjmmYcYOnbMQtpkLrYpPwRApDPZfmqbUfJnAA3sb/nRib+nDot7Zi/1ER1fuA==",
      "dev": true,
      "requires": {
        "is-plain-obj": "^2.0.0"
      }
    }
  }
}
